<?xml version="1.0" encoding="utf-8"?>
<Project ToolsVersion="4.0" xmlns="http://schemas.microsoft.com/developer/msbuild/2003">
  <ItemGroup>
    <Filter Include="Sources">
      <UniqueIdentifier>{9fc47abc-3f4a-4a8e-a0b9-69e694d4a02d}</UniqueIdentifier>
    </Filter>
    <Filter Include="Header">
      <UniqueIdentifier>{2780890c-cf7a-4c8d-a15b-f2815d03d875}</UniqueIdentifier>
    </Filter>
  </ItemGroup>
  <ItemGroup>
    <ClInclude Include="..\src\cutil_math.h">
      <Filter>Header</Filter>
    </ClInclude>
    <ClInclude Include="..\src\data_structure.h">
      <Filter>Header</Filter>
    </ClInclude>
    <ClInclude Include="..\src\image.h">
      <Filter>Header</Filter>
    </ClInclude>
    <ClInclude Include="..\src\intersections.h">
      <Filter>Header</Filter>
    </ClInclude>
    <ClInclude Include="..\src\path_tracer.h">
      <Filter>Header</Filter>
    </ClInclude>
    <ClInclude Include="..\src\preview.h">
      <Filter>Header</Filter>
    </ClInclude>
    <ClInclude Include="..\src\scene.h">
      <Filter>Header</Filter>
    </ClInclude>
    <ClInclude Include="..\src\utilities.h">
      <Filter>Header</Filter>
    </ClInclude>
    <ClInclude Include="..\src\glslUtility.h">
      <Filter>Header</Filter>
    </ClInclude>
    <ClInclude Include="..\src\main.h">
      <Filter>Header</Filter>
    </ClInclude>
    <ClInclude Include="..\src\interactions.h">
      <Filter>Header</Filter>
    </ClInclude>
    <ClInclude Include="..\src\bounds.h">
      <Filter>Header</Filter>
    </ClInclude>
    <ClInclude Include="..\src\bvh.h">
      <Filter>Header</Filter>
    </ClInclude>
  </ItemGroup>
  <ItemGroup>
    <ClCompile Include="..\src\image.cpp">
      <Filter>Sources</Filter>
    </ClCompile>
    <ClCompile Include="..\src\main.cpp">
      <Filter>Sources</Filter>
    </ClCompile>
    <ClCompile Include="..\src\preview.cpp">
      <Filter>Sources</Filter>
    </ClCompile>
    <ClCompile Include="..\src\scene.cpp">
      <Filter>Sources</Filter>
    </ClCompile>
    <ClCompile Include="..\src\utilities.cpp">
      <Filter>Sources</Filter>
    </ClCompile>
    <ClCompile Include="..\src\glslUtility.cpp">
      <Filter>Sources</Filter>
    </ClCompile>
    <ClCompile Include="..\external\include\tiny_obj_loader.cc" />
    <ClCompile Include="..\src\bounds.cpp">
      <Filter>Sources</Filter>
    </ClCompile>
    <ClCompile Include="..\src\bvh.cpp">
      <Filter>Sources</Filter>
    </ClCompile>
  </ItemGroup>
  <ItemGroup>
    <CudaCompile Include="..\src\pathtrace_my.cu">
      <Filter>Sources</Filter>
    </CudaCompile>
  </ItemGroup>
</Project>